// !$*UTF8*$!
{
	archiveVersion = 1;
	classes = {
	};
	objectVersion = 50;
	objects = {

/* Begin PBXBuildFile section */
		349EB8DF4923C08565B8748C /* Pods_TimetableTests.framework in Frameworks */ = {isa = PBXBuildFile; fileRef = 051E3E9EFF442AAB242F1851 /* Pods_TimetableTests.framework */; };
		443E4F06A0051E177EAA39CD /* Pods_Timetable.framework in Frameworks */ = {isa = PBXBuildFile; fileRef = 974621810B147B194186087C /* Pods_Timetable.framework */; };
		4756D80097C6B8CD573B00DC /* Pods_TimetableUITests.framework in Frameworks */ = {isa = PBXBuildFile; fileRef = 5EA4BC38ED327F448579CE2E /* Pods_TimetableUITests.framework */; };
		A9F913B520FE5FE0005D24EF /* AppDelegate.swift in Sources */ = {isa = PBXBuildFile; fileRef = A9F913B420FE5FE0005D24EF /* AppDelegate.swift */; };
		A9F913B720FE5FE0005D24EF /* ViewController.swift in Sources */ = {isa = PBXBuildFile; fileRef = A9F913B620FE5FE0005D24EF /* ViewController.swift */; };
		A9F913BA20FE5FE0005D24EF /* Main.storyboard in Resources */ = {isa = PBXBuildFile; fileRef = A9F913B820FE5FE0005D24EF /* Main.storyboard */; };
		A9F913BC20FE5FE2005D24EF /* Assets.xcassets in Resources */ = {isa = PBXBuildFile; fileRef = A9F913BB20FE5FE2005D24EF /* Assets.xcassets */; };
		A9F913BF20FE5FE2005D24EF /* LaunchScreen.storyboard in Resources */ = {isa = PBXBuildFile; fileRef = A9F913BD20FE5FE2005D24EF /* LaunchScreen.storyboard */; };
		A9F913CA20FE5FE2005D24EF /* TimetableTests.swift in Sources */ = {isa = PBXBuildFile; fileRef = A9F913C920FE5FE2005D24EF /* TimetableTests.swift */; };
		A9F913D520FE5FE2005D24EF /* TimetableUITests.swift in Sources */ = {isa = PBXBuildFile; fileRef = A9F913D420FE5FE2005D24EF /* TimetableUITests.swift */; };
		A9F913E720FE6597005D24EF /* Request.swift in Sources */ = {isa = PBXBuildFile; fileRef = A9F913E620FE6597005D24EF /* Request.swift */; };
		A9F913EA20FE6774005D24EF /* TimetableTableViewController.swift in Sources */ = {isa = PBXBuildFile; fileRef = A9F913E820FE6774005D24EF /* TimetableTableViewController.swift */; };
		A9F913EB20FE6774005D24EF /* TimetableTableViewController.xib in Resources */ = {isa = PBXBuildFile; fileRef = A9F913E920FE6774005D24EF /* TimetableTableViewController.xib */; };
		A9F913EE20FE6D98005D24EF /* timetable.swift in Sources */ = {isa = PBXBuildFile; fileRef = A9F913ED20FE6D98005D24EF /* timetable.swift */; };
		A9F913EF20FE6DA4005D24EF /* timetable.swift in Sources */ = {isa = PBXBuildFile; fileRef = A9F913ED20FE6D98005D24EF /* timetable.swift */; };
		A9F913F220FE8C8F005D24EF /* TransportTableViewCell.swift in Sources */ = {isa = PBXBuildFile; fileRef = A9F913F020FE8C8F005D24EF /* TransportTableViewCell.swift */; };
		A9F913F320FE8C8F005D24EF /* TransportTableViewCell.xib in Resources */ = {isa = PBXBuildFile; fileRef = A9F913F120FE8C8F005D24EF /* TransportTableViewCell.xib */; };
/* End PBXBuildFile section */

/* Begin PBXContainerItemProxy section */
		A9F913C620FE5FE2005D24EF /* PBXContainerItemProxy */ = {
			isa = PBXContainerItemProxy;
			containerPortal = A9F913A920FE5FE0005D24EF /* Project object */;
			proxyType = 1;
			remoteGlobalIDString = A9F913B020FE5FE0005D24EF;
			remoteInfo = Timetable;
		};
		A9F913D120FE5FE2005D24EF /* PBXContainerItemProxy */ = {
			isa = PBXContainerItemProxy;
			containerPortal = A9F913A920FE5FE0005D24EF /* Project object */;
			proxyType = 1;
			remoteGlobalIDString = A9F913B020FE5FE0005D24EF;
			remoteInfo = Timetable;
		};
/* End PBXContainerItemProxy section */

/* Begin PBXFileReference section */
		051E3E9EFF442AAB242F1851 /* Pods_TimetableTests.framework */ = {isa = PBXFileReference; explicitFileType = wrapper.framework; includeInIndex = 0; path = Pods_TimetableTests.framework; sourceTree = BUILT_PRODUCTS_DIR; };
		5EA4BC38ED327F448579CE2E /* Pods_TimetableUITests.framework */ = {isa = PBXFileReference; explicitFileType = wrapper.framework; includeInIndex = 0; path = Pods_TimetableUITests.framework; sourceTree = BUILT_PRODUCTS_DIR; };
		851A53539687C8BCB91F5A8F /* Pods-TimetableUITests.debug.xcconfig */ = {isa = PBXFileReference; includeInIndex = 1; lastKnownFileType = text.xcconfig; name = "Pods-TimetableUITests.debug.xcconfig"; path = "Pods/Target Support Files/Pods-TimetableUITests/Pods-TimetableUITests.debug.xcconfig"; sourceTree = "<group>"; };
		8D4EB133B379F7F5000E7871 /* Pods-TimetableUITests.release.xcconfig */ = {isa = PBXFileReference; includeInIndex = 1; lastKnownFileType = text.xcconfig; name = "Pods-TimetableUITests.release.xcconfig"; path = "Pods/Target Support Files/Pods-TimetableUITests/Pods-TimetableUITests.release.xcconfig"; sourceTree = "<group>"; };
		974621810B147B194186087C /* Pods_Timetable.framework */ = {isa = PBXFileReference; explicitFileType = wrapper.framework; includeInIndex = 0; path = Pods_Timetable.framework; sourceTree = BUILT_PRODUCTS_DIR; };
		A9F913B120FE5FE0005D24EF /* Timetable.app */ = {isa = PBXFileReference; explicitFileType = wrapper.application; includeInIndex = 0; path = Timetable.app; sourceTree = BUILT_PRODUCTS_DIR; };
		A9F913B420FE5FE0005D24EF /* AppDelegate.swift */ = {isa = PBXFileReference; lastKnownFileType = sourcecode.swift; path = AppDelegate.swift; sourceTree = "<group>"; };
		A9F913B620FE5FE0005D24EF /* ViewController.swift */ = {isa = PBXFileReference; lastKnownFileType = sourcecode.swift; path = ViewController.swift; sourceTree = "<group>"; };
		A9F913B920FE5FE0005D24EF /* Base */ = {isa = PBXFileReference; lastKnownFileType = file.storyboard; name = Base; path = Base.lproj/Main.storyboard; sourceTree = "<group>"; };
		A9F913BB20FE5FE2005D24EF /* Assets.xcassets */ = {isa = PBXFileReference; lastKnownFileType = folder.assetcatalog; path = Assets.xcassets; sourceTree = "<group>"; };
		A9F913BE20FE5FE2005D24EF /* Base */ = {isa = PBXFileReference; lastKnownFileType = file.storyboard; name = Base; path = Base.lproj/LaunchScreen.storyboard; sourceTree = "<group>"; };
		A9F913C020FE5FE2005D24EF /* Info.plist */ = {isa = PBXFileReference; lastKnownFileType = text.plist.xml; path = Info.plist; sourceTree = "<group>"; };
		A9F913C520FE5FE2005D24EF /* TimetableTests.xctest */ = {isa = PBXFileReference; explicitFileType = wrapper.cfbundle; includeInIndex = 0; path = TimetableTests.xctest; sourceTree = BUILT_PRODUCTS_DIR; };
		A9F913C920FE5FE2005D24EF /* TimetableTests.swift */ = {isa = PBXFileReference; lastKnownFileType = sourcecode.swift; path = TimetableTests.swift; sourceTree = "<group>"; };
		A9F913CB20FE5FE2005D24EF /* Info.plist */ = {isa = PBXFileReference; lastKnownFileType = text.plist.xml; path = Info.plist; sourceTree = "<group>"; };
		A9F913D020FE5FE2005D24EF /* TimetableUITests.xctest */ = {isa = PBXFileReference; explicitFileType = wrapper.cfbundle; includeInIndex = 0; path = TimetableUITests.xctest; sourceTree = BUILT_PRODUCTS_DIR; };
		A9F913D420FE5FE2005D24EF /* TimetableUITests.swift */ = {isa = PBXFileReference; lastKnownFileType = sourcecode.swift; path = TimetableUITests.swift; sourceTree = "<group>"; };
		A9F913D620FE5FE2005D24EF /* Info.plist */ = {isa = PBXFileReference; lastKnownFileType = text.plist.xml; path = Info.plist; sourceTree = "<group>"; };
		A9F913E620FE6597005D24EF /* Request.swift */ = {isa = PBXFileReference; lastKnownFileType = sourcecode.swift; path = Request.swift; sourceTree = "<group>"; };
		A9F913E820FE6774005D24EF /* TimetableTableViewController.swift */ = {isa = PBXFileReference; lastKnownFileType = sourcecode.swift; path = TimetableTableViewController.swift; sourceTree = "<group>"; };
		A9F913E920FE6774005D24EF /* TimetableTableViewController.xib */ = {isa = PBXFileReference; lastKnownFileType = file.xib; path = TimetableTableViewController.xib; sourceTree = "<group>"; };
		A9F913ED20FE6D98005D24EF /* timetable.swift */ = {isa = PBXFileReference; lastKnownFileType = sourcecode.swift; path = timetable.swift; sourceTree = "<group>"; };
		A9F913F020FE8C8F005D24EF /* TransportTableViewCell.swift */ = {isa = PBXFileReference; lastKnownFileType = sourcecode.swift; path = TransportTableViewCell.swift; sourceTree = "<group>"; };
		A9F913F120FE8C8F005D24EF /* TransportTableViewCell.xib */ = {isa = PBXFileReference; lastKnownFileType = file.xib; path = TransportTableViewCell.xib; sourceTree = "<group>"; };
		CD0FE6966261272B35D75687 /* Pods-Timetable.release.xcconfig */ = {isa = PBXFileReference; includeInIndex = 1; lastKnownFileType = text.xcconfig; name = "Pods-Timetable.release.xcconfig"; path = "Pods/Target Support Files/Pods-Timetable/Pods-Timetable.release.xcconfig"; sourceTree = "<group>"; };
		E78A456F5384DDBF9EA48B36 /* Pods-Timetable.debug.xcconfig */ = {isa = PBXFileReference; includeInIndex = 1; lastKnownFileType = text.xcconfig; name = "Pods-Timetable.debug.xcconfig"; path = "Pods/Target Support Files/Pods-Timetable/Pods-Timetable.debug.xcconfig"; sourceTree = "<group>"; };
		EDEABAF5798E458453CD3B02 /* Pods-TimetableTests.release.xcconfig */ = {isa = PBXFileReference; includeInIndex = 1; lastKnownFileType = text.xcconfig; name = "Pods-TimetableTests.release.xcconfig"; path = "Pods/Target Support Files/Pods-TimetableTests/Pods-TimetableTests.release.xcconfig"; sourceTree = "<group>"; };
		F7FF6FD782B33BC588D2A482 /* Pods-TimetableTests.debug.xcconfig */ = {isa = PBXFileReference; includeInIndex = 1; lastKnownFileType = text.xcconfig; name = "Pods-TimetableTests.debug.xcconfig"; path = "Pods/Target Support Files/Pods-TimetableTests/Pods-TimetableTests.debug.xcconfig"; sourceTree = "<group>"; };
/* End PBXFileReference section */

/* Begin PBXFrameworksBuildPhase section */
		A9F913AE20FE5FE0005D24EF /* Frameworks */ = {
			isa = PBXFrameworksBuildPhase;
			buildActionMask = 2147483647;
			files = (
				443E4F06A0051E177EAA39CD /* Pods_Timetable.framework in Frameworks */,
			);
			runOnlyForDeploymentPostprocessing = 0;
		};
		A9F913C220FE5FE2005D24EF /* Frameworks */ = {
			isa = PBXFrameworksBuildPhase;
			buildActionMask = 2147483647;
			files = (
				349EB8DF4923C08565B8748C /* Pods_TimetableTests.framework in Frameworks */,
			);
			runOnlyForDeploymentPostprocessing = 0;
		};
		A9F913CD20FE5FE2005D24EF /* Frameworks */ = {
			isa = PBXFrameworksBuildPhase;
			buildActionMask = 2147483647;
			files = (
				4756D80097C6B8CD573B00DC /* Pods_TimetableUITests.framework in Frameworks */,
			);
			runOnlyForDeploymentPostprocessing = 0;
		};
/* End PBXFrameworksBuildPhase section */

/* Begin PBXGroup section */
		A9F913A820FE5FE0005D24EF = {
			isa = PBXGroup;
			children = (
				A9F913B320FE5FE0005D24EF /* Timetable */,
				A9F913C820FE5FE2005D24EF /* TimetableTests */,
				A9F913D320FE5FE2005D24EF /* TimetableUITests */,
				A9F913B220FE5FE0005D24EF /* Products */,
				FB4D7E241AC0F537AF9D7CD0 /* Pods */,
				E6038F715240DB77F25B2BE1 /* Frameworks */,
			);
			sourceTree = "<group>";
		};
		A9F913B220FE5FE0005D24EF /* Products */ = {
			isa = PBXGroup;
			children = (
				A9F913B120FE5FE0005D24EF /* Timetable.app */,
				A9F913C520FE5FE2005D24EF /* TimetableTests.xctest */,
				A9F913D020FE5FE2005D24EF /* TimetableUITests.xctest */,
			);
			name = Products;
			sourceTree = "<group>";
		};
		A9F913B320FE5FE0005D24EF /* Timetable */ = {
			isa = PBXGroup;
			children = (
				A9F913E220FE600A005D24EF /* Model */,
				A9F913E320FE6014005D24EF /* View */,
				A9F913E420FE601E005D24EF /* Controller */,
				A9F913EC20FE6781005D24EF /* Xib */,
				A9F913E520FE6031005D24EF /* Services */,
				A9F913B420FE5FE0005D24EF /* AppDelegate.swift */,
				A9F913B820FE5FE0005D24EF /* Main.storyboard */,
				A9F913BB20FE5FE2005D24EF /* Assets.xcassets */,
				A9F913BD20FE5FE2005D24EF /* LaunchScreen.storyboard */,
				A9F913C020FE5FE2005D24EF /* Info.plist */,
			);
			path = Timetable;
			sourceTree = "<group>";
		};
		A9F913C820FE5FE2005D24EF /* TimetableTests */ = {
			isa = PBXGroup;
			children = (
				A9F913C920FE5FE2005D24EF /* TimetableTests.swift */,
				A9F913CB20FE5FE2005D24EF /* Info.plist */,
			);
			path = TimetableTests;
			sourceTree = "<group>";
		};
		A9F913D320FE5FE2005D24EF /* TimetableUITests */ = {
			isa = PBXGroup;
			children = (
				A9F913D420FE5FE2005D24EF /* TimetableUITests.swift */,
				A9F913D620FE5FE2005D24EF /* Info.plist */,
			);
			path = TimetableUITests;
			sourceTree = "<group>";
		};
		A9F913E220FE600A005D24EF /* Model */ = {
			isa = PBXGroup;
			children = (
				A9F913ED20FE6D98005D24EF /* timetable.swift */,
			);
			path = Model;
			sourceTree = "<group>";
		};
		A9F913E320FE6014005D24EF /* View */ = {
			isa = PBXGroup;
			children = (
				A9F913F020FE8C8F005D24EF /* TransportTableViewCell.swift */,
				A9F913F120FE8C8F005D24EF /* TransportTableViewCell.xib */,
			);
			path = View;
			sourceTree = "<group>";
		};
		A9F913E420FE601E005D24EF /* Controller */ = {
			isa = PBXGroup;
			children = (
				A9F913B620FE5FE0005D24EF /* ViewController.swift */,
				A9F913E820FE6774005D24EF /* TimetableTableViewController.swift */,
			);
			path = Controller;
			sourceTree = "<group>";
		};
		A9F913E520FE6031005D24EF /* Services */ = {
			isa = PBXGroup;
			children = (
				A9F913E620FE6597005D24EF /* Request.swift */,
			);
			path = Services;
			sourceTree = "<group>";
		};
		A9F913EC20FE6781005D24EF /* Xib */ = {
			isa = PBXGroup;
			children = (
				A9F913E920FE6774005D24EF /* TimetableTableViewController.xib */,
			);
			path = Xib;
			sourceTree = "<group>";
		};
		E6038F715240DB77F25B2BE1 /* Frameworks */ = {
			isa = PBXGroup;
			children = (
				974621810B147B194186087C /* Pods_Timetable.framework */,
				051E3E9EFF442AAB242F1851 /* Pods_TimetableTests.framework */,
				5EA4BC38ED327F448579CE2E /* Pods_TimetableUITests.framework */,
			);
			name = Frameworks;
			sourceTree = "<group>";
		};
		FB4D7E241AC0F537AF9D7CD0 /* Pods */ = {
			isa = PBXGroup;
			children = (
				E78A456F5384DDBF9EA48B36 /* Pods-Timetable.debug.xcconfig */,
				CD0FE6966261272B35D75687 /* Pods-Timetable.release.xcconfig */,
				F7FF6FD782B33BC588D2A482 /* Pods-TimetableTests.debug.xcconfig */,
				EDEABAF5798E458453CD3B02 /* Pods-TimetableTests.release.xcconfig */,
				851A53539687C8BCB91F5A8F /* Pods-TimetableUITests.debug.xcconfig */,
				8D4EB133B379F7F5000E7871 /* Pods-TimetableUITests.release.xcconfig */,
			);
			name = Pods;
			sourceTree = "<group>";
		};
/* End PBXGroup section */

/* Begin PBXNativeTarget section */
		A9F913B020FE5FE0005D24EF /* Timetable */ = {
			isa = PBXNativeTarget;
			buildConfigurationList = A9F913D920FE5FE2005D24EF /* Build configuration list for PBXNativeTarget "Timetable" */;
			buildPhases = (
				D96A93EBBCC238C4C12DE0FF /* [CP] Check Pods Manifest.lock */,
				A9F913AD20FE5FE0005D24EF /* Sources */,
				A9F913AE20FE5FE0005D24EF /* Frameworks */,
				A9F913AF20FE5FE0005D24EF /* Resources */,
				6A46D3A716B7D6CE2545549D /* [CP] Embed Pods Frameworks */,
			);
			buildRules = (
			);
			dependencies = (
			);
			name = Timetable;
			productName = Timetable;
			productReference = A9F913B120FE5FE0005D24EF /* Timetable.app */;
			productType = "com.apple.product-type.application";
		};
		A9F913C420FE5FE2005D24EF /* TimetableTests */ = {
			isa = PBXNativeTarget;
			buildConfigurationList = A9F913DC20FE5FE2005D24EF /* Build configuration list for PBXNativeTarget "TimetableTests" */;
			buildPhases = (
				87F080654D78E3EDA3A71476 /* [CP] Check Pods Manifest.lock */,
				A9F913C120FE5FE2005D24EF /* Sources */,
				A9F913C220FE5FE2005D24EF /* Frameworks */,
				A9F913C320FE5FE2005D24EF /* Resources */,
			);
			buildRules = (
			);
			dependencies = (
				A9F913C720FE5FE2005D24EF /* PBXTargetDependency */,
			);
			name = TimetableTests;
			productName = TimetableTests;
			productReference = A9F913C520FE5FE2005D24EF /* TimetableTests.xctest */;
			productType = "com.apple.product-type.bundle.unit-test";
		};
		A9F913CF20FE5FE2005D24EF /* TimetableUITests */ = {
			isa = PBXNativeTarget;
			buildConfigurationList = A9F913DF20FE5FE2005D24EF /* Build configuration list for PBXNativeTarget "TimetableUITests" */;
			buildPhases = (
				1D4DAB51D6668ACF4419360E /* [CP] Check Pods Manifest.lock */,
				A9F913CC20FE5FE2005D24EF /* Sources */,
				A9F913CD20FE5FE2005D24EF /* Frameworks */,
				A9F913CE20FE5FE2005D24EF /* Resources */,
			);
			buildRules = (
			);
			dependencies = (
				A9F913D220FE5FE2005D24EF /* PBXTargetDependency */,
			);
			name = TimetableUITests;
			productName = TimetableUITests;
			productReference = A9F913D020FE5FE2005D24EF /* TimetableUITests.xctest */;
			productType = "com.apple.product-type.bundle.ui-testing";
		};
/* End PBXNativeTarget section */

/* Begin PBXProject section */
		A9F913A920FE5FE0005D24EF /* Project object */ = {
			isa = PBXProject;
			attributes = {
				LastSwiftUpdateCheck = 0940;
				LastUpgradeCheck = 0940;
				ORGANIZATIONNAME = "William Seaman";
				TargetAttributes = {
					A9F913B020FE5FE0005D24EF = {
						CreatedOnToolsVersion = 9.4.1;
					};
					A9F913C420FE5FE2005D24EF = {
						CreatedOnToolsVersion = 9.4.1;
						TestTargetID = A9F913B020FE5FE0005D24EF;
					};
					A9F913CF20FE5FE2005D24EF = {
						CreatedOnToolsVersion = 9.4.1;
						TestTargetID = A9F913B020FE5FE0005D24EF;
					};
				};
			};
			buildConfigurationList = A9F913AC20FE5FE0005D24EF /* Build configuration list for PBXProject "Timetable" */;
			compatibilityVersion = "Xcode 9.3";
			developmentRegion = en;
			hasScannedForEncodings = 0;
			knownRegions = (
				en,
				Base,
			);
			mainGroup = A9F913A820FE5FE0005D24EF;
			productRefGroup = A9F913B220FE5FE0005D24EF /* Products */;
			projectDirPath = "";
			projectRoot = "";
			targets = (
				A9F913B020FE5FE0005D24EF /* Timetable */,
				A9F913C420FE5FE2005D24EF /* TimetableTests */,
				A9F913CF20FE5FE2005D24EF /* TimetableUITests */,
			);
		};
/* End PBXProject section */

/* Begin PBXResourcesBuildPhase section */
		A9F913AF20FE5FE0005D24EF /* Resources */ = {
			isa = PBXResourcesBuildPhase;
			buildActionMask = 2147483647;
			files = (
				A9F913BF20FE5FE2005D24EF /* LaunchScreen.storyboard in Resources */,
				A9F913BC20FE5FE2005D24EF /* Assets.xcassets in Resources */,
				A9F913EB20FE6774005D24EF /* TimetableTableViewController.xib in Resources */,
				A9F913BA20FE5FE0005D24EF /* Main.storyboard in Resources */,
				A9F913F320FE8C8F005D24EF /* TransportTableViewCell.xib in Resources */,
			);
			runOnlyForDeploymentPostprocessing = 0;
		};
		A9F913C320FE5FE2005D24EF /* Resources */ = {
			isa = PBXResourcesBuildPhase;
			buildActionMask = 2147483647;
			files = (
			);
			runOnlyForDeploymentPostprocessing = 0;
		};
		A9F913CE20FE5FE2005D24EF /* Resources */ = {
			isa = PBXResourcesBuildPhase;
			buildActionMask = 2147483647;
			files = (
			);
			runOnlyForDeploymentPostprocessing = 0;
		};
/* End PBXResourcesBuildPhase section */

/* Begin PBXShellScriptBuildPhase section */
		1D4DAB51D6668ACF4419360E /* [CP] Check Pods Manifest.lock */ = {
			isa = PBXShellScriptBuildPhase;
			buildActionMask = 2147483647;
			files = (
			);
			inputPaths = (
				"${PODS_PODFILE_DIR_PATH}/Podfile.lock",
				"${PODS_ROOT}/Manifest.lock",
			);
			name = "[CP] Check Pods Manifest.lock";
			outputPaths = (
				"$(DERIVED_FILE_DIR)/Pods-TimetableUITests-checkManifestLockResult.txt",
			);
			runOnlyForDeploymentPostprocessing = 0;
			shellPath = /bin/sh;
			shellScript = "diff \"${PODS_PODFILE_DIR_PATH}/Podfile.lock\" \"${PODS_ROOT}/Manifest.lock\" > /dev/null\nif [ $? != 0 ] ; then\n    # print error to STDERR\n    echo \"error: The sandbox is not in sync with the Podfile.lock. Run 'pod install' or update your CocoaPods installation.\" >&2\n    exit 1\nfi\n# This output is used by Xcode 'outputs' to avoid re-running this script phase.\necho \"SUCCESS\" > \"${SCRIPT_OUTPUT_FILE_0}\"\n";
			showEnvVarsInLog = 0;
		};
		6A46D3A716B7D6CE2545549D /* [CP] Embed Pods Frameworks */ = {
			isa = PBXShellScriptBuildPhase;
			buildActionMask = 2147483647;
			files = (
			);
			inputPaths = (
				"${SRCROOT}/Pods/Target Support Files/Pods-Timetable/Pods-Timetable-frameworks.sh",
				"${BUILT_PRODUCTS_DIR}/Gloss/Gloss.framework",
			);
			name = "[CP] Embed Pods Frameworks";
			outputPaths = (
				"${TARGET_BUILD_DIR}/${FRAMEWORKS_FOLDER_PATH}/Gloss.framework",
			);
			runOnlyForDeploymentPostprocessing = 0;
			shellPath = /bin/sh;
			shellScript = "\"${SRCROOT}/Pods/Target Support Files/Pods-Timetable/Pods-Timetable-frameworks.sh\"\n";
			showEnvVarsInLog = 0;
		};
		87F080654D78E3EDA3A71476 /* [CP] Check Pods Manifest.lock */ = {
			isa = PBXShellScriptBuildPhase;
			buildActionMask = 2147483647;
			files = (
			);
			inputPaths = (
				"${PODS_PODFILE_DIR_PATH}/Podfile.lock",
				"${PODS_ROOT}/Manifest.lock",
			);
			name = "[CP] Check Pods Manifest.lock";
			outputPaths = (
				"$(DERIVED_FILE_DIR)/Pods-TimetableTests-checkManifestLockResult.txt",
			);
			runOnlyForDeploymentPostprocessing = 0;
			shellPath = /bin/sh;
			shellScript = "diff \"${PODS_PODFILE_DIR_PATH}/Podfile.lock\" \"${PODS_ROOT}/Manifest.lock\" > /dev/null\nif [ $? != 0 ] ; then\n    # print error to STDERR\n    echo \"error: The sandbox is not in sync with the Podfile.lock. Run 'pod install' or update your CocoaPods installation.\" >&2\n    exit 1\nfi\n# This output is used by Xcode 'outputs' to avoid re-running this script phase.\necho \"SUCCESS\" > \"${SCRIPT_OUTPUT_FILE_0}\"\n";
			showEnvVarsInLog = 0;
		};
		D96A93EBBCC238C4C12DE0FF /* [CP] Check Pods Manifest.lock */ = {
			isa = PBXShellScriptBuildPhase;
			buildActionMask = 2147483647;
			files = (
			);
			inputPaths = (
				"${PODS_PODFILE_DIR_PATH}/Podfile.lock",
				"${PODS_ROOT}/Manifest.lock",
			);
			name = "[CP] Check Pods Manifest.lock";
			outputPaths = (
				"$(DERIVED_FILE_DIR)/Pods-Timetable-checkManifestLockResult.txt",
			);
			runOnlyForDeploymentPostprocessing = 0;
			shellPath = /bin/sh;
			shellScript = "diff \"${PODS_PODFILE_DIR_PATH}/Podfile.lock\" \"${PODS_ROOT}/Manifest.lock\" > /dev/null\nif [ $? != 0 ] ; then\n    # print error to STDERR\n    echo \"error: The sandbox is not in sync with the Podfile.lock. Run 'pod install' or update your CocoaPods installation.\" >&2\n    exit 1\nfi\n# This output is used by Xcode 'outputs' to avoid re-running this script phase.\necho \"SUCCESS\" > \"${SCRIPT_OUTPUT_FILE_0}\"\n";
			showEnvVarsInLog = 0;
		};
/* End PBXShellScriptBuildPhase section */

/* Begin PBXSourcesBuildPhase section */
		A9F913AD20FE5FE0005D24EF /* Sources */ = {
			isa = PBXSourcesBuildPhase;
			buildActionMask = 2147483647;
			files = (
				A9F913B720FE5FE0005D24EF /* ViewController.swift in Sources */,
				A9F913F220FE8C8F005D24EF /* TransportTableViewCell.swift in Sources */,
				A9F913E720FE6597005D24EF /* Request.swift in Sources */,
				A9F913B520FE5FE0005D24EF /* AppDelegate.swift in Sources */,
				A9F913EA20FE6774005D24EF /* TimetableTableViewController.swift in Sources */,
				A9F913EE20FE6D98005D24EF /* timetable.swift in Sources */,
			);
			runOnlyForDeploymentPostprocessing = 0;
		};
		A9F913C120FE5FE2005D24EF /* Sources */ = {
			isa = PBXSourcesBuildPhase;
			buildActionMask = 2147483647;
			files = (
				A9F913CA20FE5FE2005D24EF /* TimetableTests.swift in Sources */,
				A9F913EF20FE6DA4005D24EF /* timetable.swift in Sources */,
			);
			runOnlyForDeploymentPostprocessing = 0;
		};
		A9F913CC20FE5FE2005D24EF /* Sources */ = {
			isa = PBXSourcesBuildPhase;
			buildActionMask = 2147483647;
			files = (
				A9F913D520FE5FE2005D24EF /* TimetableUITests.swift in Sources */,
			);
			runOnlyForDeploymentPostprocessing = 0;
		};
/* End PBXSourcesBuildPhase section */

/* Begin PBXTargetDependency section */
		A9F913C720FE5FE2005D24EF /* PBXTargetDependency */ = {
			isa = PBXTargetDependency;
			target = A9F913B020FE5FE0005D24EF /* Timetable */;
			targetProxy = A9F913C620FE5FE2005D24EF /* PBXContainerItemProxy */;
		};
		A9F913D220FE5FE2005D24EF /* PBXTargetDependency */ = {
			isa = PBXTargetDependency;
			target = A9F913B020FE5FE0005D24EF /* Timetable */;
			targetProxy = A9F913D120FE5FE2005D24EF /* PBXContainerItemProxy */;
		};
/* End PBXTargetDependency section */

/* Begin PBXVariantGroup section */
		A9F913B820FE5FE0005D24EF /* Main.storyboard */ = {
			isa = PBXVariantGroup;
			children = (
				A9F913B920FE5FE0005D24EF /* Base */,
			);
			name = Main.storyboard;
			sourceTree = "<group>";
		};
		A9F913BD20FE5FE2005D24EF /* LaunchScreen.storyboard */ = {
			isa = PBXVariantGroup;
			children = (
				A9F913BE20FE5FE2005D24EF /* Base */,
			);
			name = LaunchScreen.storyboard;
			sourceTree = "<group>";
		};
/* End PBXVariantGroup section */

/* Begin XCBuildConfiguration section */
		A9F913D720FE5FE2005D24EF /* Debug */ = {
			isa = XCBuildConfiguration;
			buildSettings = {
				ALWAYS_SEARCH_USER_PATHS = NO;
				CLANG_ANALYZER_NONNULL = YES;
				CLANG_ANALYZER_NUMBER_OBJECT_CONVERSION = YES_AGGRESSIVE;
				CLANG_CXX_LANGUAGE_STANDARD = "gnu++14";
				CLANG_CXX_LIBRARY = "libc++";
				CLANG_ENABLE_MODULES = YES;
				CLANG_ENABLE_OBJC_ARC = YES;
				CLANG_ENABLE_OBJC_WEAK = YES;
				CLANG_WARN_BLOCK_CAPTURE_AUTORELEASING = YES;
				CLANG_WARN_BOOL_CONVERSION = YES;
				CLANG_WARN_COMMA = YES;
				CLANG_WARN_CONSTANT_CONVERSION = YES;
				CLANG_WARN_DEPRECATED_OBJC_IMPLEMENTATIONS = YES;
				CLANG_WARN_DIRECT_OBJC_ISA_USAGE = YES_ERROR;
				CLANG_WARN_DOCUMENTATION_COMMENTS = YES;
				CLANG_WARN_EMPTY_BODY = YES;
				CLANG_WARN_ENUM_CONVERSION = YES;
				CLANG_WARN_INFINITE_RECURSION = YES;
				CLANG_WARN_INT_CONVERSION = YES;
				CLANG_WARN_NON_LITERAL_NULL_CONVERSION = YES;
				CLANG_WARN_OBJC_IMPLICIT_RETAIN_SELF = YES;
				CLANG_WARN_OBJC_LITERAL_CONVERSION = YES;
				CLANG_WARN_OBJC_ROOT_CLASS = YES_ERROR;
				CLANG_WARN_RANGE_LOOP_ANALYSIS = YES;
				CLANG_WARN_STRICT_PROTOTYPES = YES;
				CLANG_WARN_SUSPICIOUS_MOVE = YES;
				CLANG_WARN_UNGUARDED_AVAILABILITY = YES_AGGRESSIVE;
				CLANG_WARN_UNREACHABLE_CODE = YES;
				CLANG_WARN__DUPLICATE_METHOD_MATCH = YES;
				CODE_SIGN_IDENTITY = "iPhone Developer";
				COPY_PHASE_STRIP = NO;
				DEBUG_INFORMATION_FORMAT = dwarf;
				ENABLE_STRICT_OBJC_MSGSEND = YES;
				ENABLE_TESTABILITY = YES;
				GCC_C_LANGUAGE_STANDARD = gnu11;
				GCC_DYNAMIC_NO_PIC = NO;
				GCC_NO_COMMON_BLOCKS = YES;
				GCC_OPTIMIZATION_LEVEL = 0;
				GCC_PREPROCESSOR_DEFINITIONS = (
					"DEBUG=1",
					"$(inherited)",
				);
				GCC_WARN_64_TO_32_BIT_CONVERSION = YES;
				GCC_WARN_ABOUT_RETURN_TYPE = YES_ERROR;
				GCC_WARN_UNDECLARED_SELECTOR = YES;
				GCC_WARN_UNINITIALIZED_AUTOS = YES_AGGRESSIVE;
				GCC_WARN_UNUSED_FUNCTION = YES;
				GCC_WARN_UNUSED_VARIABLE = YES;
				IPHONEOS_DEPLOYMENT_TARGET = 11.4;
				MTL_ENABLE_DEBUG_INFO = YES;
				ONLY_ACTIVE_ARCH = YES;
				SDKROOT = iphoneos;
				SWIFT_ACTIVE_COMPILATION_CONDITIONS = DEBUG;
				SWIFT_OPTIMIZATION_LEVEL = "-Onone";
			};
			name = Debug;
		};
		A9F913D820FE5FE2005D24EF /* Release */ = {
			isa = XCBuildConfiguration;
			buildSettings = {
				ALWAYS_SEARCH_USER_PATHS = NO;
				CLANG_ANALYZER_NONNULL = YES;
				CLANG_ANALYZER_NUMBER_OBJECT_CONVERSION = YES_AGGRESSIVE;
				CLANG_CXX_LANGUAGE_STANDARD = "gnu++14";
				CLANG_CXX_LIBRARY = "libc++";
				CLANG_ENABLE_MODULES = YES;
				CLANG_ENABLE_OBJC_ARC = YES;
				CLANG_ENABLE_OBJC_WEAK = YES;
				CLANG_WARN_BLOCK_CAPTURE_AUTORELEASING = YES;
				CLANG_WARN_BOOL_CONVERSION = YES;
				CLANG_WARN_COMMA = YES;
				CLANG_WARN_CONSTANT_CONVERSION = YES;
				CLANG_WARN_DEPRECATED_OBJC_IMPLEMENTATIONS = YES;
				CLANG_WARN_DIRECT_OBJC_ISA_USAGE = YES_ERROR;
				CLANG_WARN_DOCUMENTATION_COMMENTS = YES;
				CLANG_WARN_EMPTY_BODY = YES;
				CLANG_WARN_ENUM_CONVERSION = YES;
				CLANG_WARN_INFINITE_RECURSION = YES;
				CLANG_WARN_INT_CONVERSION = YES;
				CLANG_WARN_NON_LITERAL_NULL_CONVERSION = YES;
				CLANG_WARN_OBJC_IMPLICIT_RETAIN_SELF = YES;
				CLANG_WARN_OBJC_LITERAL_CONVERSION = YES;
				CLANG_WARN_OBJC_ROOT_CLASS = YES_ERROR;
				CLANG_WARN_RANGE_LOOP_ANALYSIS = YES;
				CLANG_WARN_STRICT_PROTOTYPES = YES;
				CLANG_WARN_SUSPICIOUS_MOVE = YES;
				CLANG_WARN_UNGUARDED_AVAILABILITY = YES_AGGRESSIVE;
				CLANG_WARN_UNREACHABLE_CODE = YES;
				CLANG_WARN__DUPLICATE_METHOD_MATCH = YES;
				CODE_SIGN_IDENTITY = "iPhone Developer";
				COPY_PHASE_STRIP = NO;
				DEBUG_INFORMATION_FORMAT = "dwarf-with-dsym";
				ENABLE_NS_ASSERTIONS = NO;
				ENABLE_STRICT_OBJC_MSGSEND = YES;
				GCC_C_LANGUAGE_STANDARD = gnu11;
				GCC_NO_COMMON_BLOCKS = YES;
				GCC_WARN_64_TO_32_BIT_CONVERSION = YES;
				GCC_WARN_ABOUT_RETURN_TYPE = YES_ERROR;
				GCC_WARN_UNDECLARED_SELECTOR = YES;
				GCC_WARN_UNINITIALIZED_AUTOS = YES_AGGRESSIVE;
				GCC_WARN_UNUSED_FUNCTION = YES;
				GCC_WARN_UNUSED_VARIABLE = YES;
				IPHONEOS_DEPLOYMENT_TARGET = 11.4;
				MTL_ENABLE_DEBUG_INFO = NO;
				SDKROOT = iphoneos;
				SWIFT_COMPILATION_MODE = wholemodule;
				SWIFT_OPTIMIZATION_LEVEL = "-O";
				VALIDATE_PRODUCT = YES;
			};
			name = Release;
		};
		A9F913DA20FE5FE2005D24EF /* Debug */ = {
			isa = XCBuildConfiguration;
			baseConfigurationReference = E78A456F5384DDBF9EA48B36 /* Pods-Timetable.debug.xcconfig */;
			buildSettings = {
				ASSETCATALOG_COMPILER_APPICON_NAME = AppIcon;
				CODE_SIGN_STYLE = Automatic;
				DEVELOPMENT_TEAM = ZZGJ2UYWJY;
				INFOPLIST_FILE = Timetable/Info.plist;
				LD_RUNPATH_SEARCH_PATHS = (
					"$(inherited)",
					"@executable_path/Frameworks",
				);
				PRODUCT_BUNDLE_IDENTIFIER = com.loudsoftware.Timetable;
				PRODUCT_NAME = "$(TARGET_NAME)";
				SWIFT_VERSION = 4.0;
				TARGETED_DEVICE_FAMILY = "1,2";
			};
			name = Debug;
		};
		A9F913DB20FE5FE2005D24EF /* Release */ = {
			isa = XCBuildConfiguration;
			baseConfigurationReference = CD0FE6966261272B35D75687 /* Pods-Timetable.release.xcconfig */;
			buildSettings = {
				ASSETCATALOG_COMPILER_APPICON_NAME = AppIcon;
				CODE_SIGN_STYLE = Automatic;
				DEVELOPMENT_TEAM = ZZGJ2UYWJY;
				INFOPLIST_FILE = Timetable/Info.plist;
				LD_RUNPATH_SEARCH_PATHS = (
					"$(inherited)",
					"@executable_path/Frameworks",
				);
				PRODUCT_BUNDLE_IDENTIFIER = com.loudsoftware.Timetable;
				PRODUCT_NAME = "$(TARGET_NAME)";
				SWIFT_VERSION = 4.0;
				TARGETED_DEVICE_FAMILY = "1,2";
			};
			name = Release;
		};
		A9F913DD20FE5FE2005D24EF /* Debug */ = {
			isa = XCBuildConfiguration;
			baseConfigurationReference = F7FF6FD782B33BC588D2A482 /* Pods-TimetableTests.debug.xcconfig */;
			buildSettings = {
				ALWAYS_EMBED_SWIFT_STANDARD_LIBRARIES = YES;
				BUNDLE_LOADER = "$(TEST_HOST)";
				CODE_SIGN_STYLE = Automatic;
				DEVELOPMENT_TEAM = ZZGJ2UYWJY;
				INFOPLIST_FILE = TimetableTests/Info.plist;
				LD_RUNPATH_SEARCH_PATHS = (
					"$(inherited)",
					"@executable_path/Frameworks",
					"@loader_path/Frameworks",
				);
				PRODUCT_BUNDLE_IDENTIFIER = com.loudsoftware.TimetableTests;
				PRODUCT_NAME = "$(TARGET_NAME)";
				SWIFT_VERSION = 4.0;
				TARGETED_DEVICE_FAMILY = "1,2";
				TEST_HOST = "$(BUILT_PRODUCTS_DIR)/Timetable.app/Timetable";
			};
			name = Debug;
		};
		A9F913DE20FE5FE2005D24EF /* Release */ = {
			isa = XCBuildConfiguration;
			baseConfigurationReference = EDEABAF5798E458453CD3B02 /* Pods-TimetableTests.release.xcconfig */;
			buildSettings = {
				ALWAYS_EMBED_SWIFT_STANDARD_LIBRARIES = YES;
				BUNDLE_LOADER = "$(TEST_HOST)";
				CODE_SIGN_STYLE = Automatic;
				DEVELOPMENT_TEAM = ZZGJ2UYWJY;
				INFOPLIST_FILE = TimetableTests/Info.plist;
				LD_RUNPATH_SEARCH_PATHS = (
					"$(inherited)",
					"@executable_path/Frameworks",
					"@loader_path/Frameworks",
				);
				PRODUCT_BUNDLE_IDENTIFIER = com.loudsoftware.TimetableTests;
				PRODUCT_NAME = "$(TARGET_NAME)";
				SWIFT_VERSION = 4.0;
				TARGETED_DEVICE_FAMILY = "1,2";
				TEST_HOST = "$(BUILT_PRODUCTS_DIR)/Timetable.app/Timetable";
			};
			name = Release;
		};
		A9F913E020FE5FE2005D24EF /* Debug */ = {
			isa = XCBuildConfiguration;
			baseConfigurationReference = 851A53539687C8BCB91F5A8F /* Pods-TimetableUITests.debug.xcconfig */;
			buildSettings = {
				ALWAYS_EMBED_SWIFT_STANDARD_LIBRARIES = YES;
				CODE_SIGN_STYLE = Automatic;
				DEVELOPMENT_TEAM = ZZGJ2UYWJY;
				INFOPLIST_FILE = TimetableUITests/Info.plist;
				LD_RUNPATH_SEARCH_PATHS = (
					"$(inherited)",
					"@executable_path/Frameworks",
					"@loader_path/Frameworks",
				);
				PRODUCT_BUNDLE_IDENTIFIER = com.loudsoftware.TimetableUITests;
				PRODUCT_NAME = "$(TARGET_NAME)";
				SWIFT_VERSION = 4.0;
				TARGETED_DEVICE_FAMILY = "1,2";
				TEST_TARGET_NAME = Timetable;
			};
			name = Debug;
		};
		A9F913E120FE5FE2005D24EF /* Release */ = {
			isa = XCBuildConfiguration;
			baseConfigurationReference = 8D4EB133B379F7F5000E7871 /* Pods-TimetableUITests.release.xcconfig */;
			buildSettings = {
				ALWAYS_EMBED_SWIFT_STANDARD_LIBRARIES = YES;
				CODE_SIGN_STYLE = Automatic;
				DEVELOPMENT_TEAM = ZZGJ2UYWJY;
				INFOPLIST_FILE = TimetableUITests/Info.plist;
				LD_RUNPATH_SEARCH_PATHS = (
					"$(inherited)",
					"@executable_path/Frameworks",
					"@loader_path/Frameworks",
				);
				PRODUCT_BUNDLE_IDENTIFIER = com.loudsoftware.TimetableUITests;
				PRODUCT_NAME = "$(TARGET_NAME)";
				SWIFT_VERSION = 4.0;
				TARGETED_DEVICE_FAMILY = "1,2";
				TEST_TARGET_NAME = Timetable;
			};
			name = Release;
		};
/* End XCBuildConfiguration section */

/* Begin XCConfigurationList section */
		A9F913AC20FE5FE0005D24EF /* Build configuration list for PBXProject "Timetable" */ = {
			isa = XCConfigurationList;
			buildConfigurations = (
				A9F913D720FE5FE2005D24EF /* Debug */,
				A9F913D820FE5FE2005D24EF /* Release */,
			);
			defaultConfigurationIsVisible = 0;
			defaultConfigurationName = Release;
		};
		A9F913D920FE5FE2005D24EF /* Build configuration list for PBXNativeTarget "Timetable" */ = {
			isa = XCConfigurationList;
			buildConfigurations = (
				A9F913DA20FE5FE2005D24EF /* Debug */,
				A9F913DB20FE5FE2005D24EF /* Release */,
			);
			defaultConfigurationIsVisible = 0;
			defaultConfigurationName = Release;
		};
		A9F913DC20FE5FE2005D24EF /* Build configuration list for PBXNativeTarget "TimetableTests" */ = {
			isa = XCConfigurationList;
			buildConfigurations = (
				A9F913DD20FE5FE2005D24EF /* Debug */,
				A9F913DE20FE5FE2005D24EF /* Release */,
			);
			defaultConfigurationIsVisible = 0;
			defaultConfigurationName = Release;
		};
		A9F913DF20FE5FE2005D24EF /* Build configuration list for PBXNativeTarget "TimetableUITests" */ = {
			isa = XCConfigurationList;
			buildConfigurations = (
				A9F913E020FE5FE2005D24EF /* Debug */,
				A9F913E120FE5FE2005D24EF /* Release */,
			);
			defaultConfigurationIsVisible = 0;
			defaultConfigurationName = Release;
		};
/* End XCConfigurationList section */
	};
	rootObject = A9F913A920FE5FE0005D24EF /* Project object */;
}
